
Microsoft Visual Studio Solution File, Format Version 12.00
# Visual Studio Version 17
VisualStudioVersion = 17.13.35806.99 d17.13
MinimumVisualStudioVersion = 10.0.40219.1
Project("{FAE04EC0-301F-11D3-BF4B-00C04F79EFBC}") = "Income Interest Calculator", "Income Interest Calculator\Income Interest Calculator.csproj", "{82CCB62D-684C-4237-9AEA-CD67753C660B}"
EndProject
Global
	GlobalSection(SolutionConfigurationPlatforms) = preSolution
		Debug|Any CPU = Debug|Any CPU
		Release|Any CPU = Release|Any CPU
	EndGlobalSection
	GlobalSection(ProjectConfigurationPlatforms) = postSolution
		{82CCB62D-684C-4237-9AEA-CD67753C660B}.Debug|Any CPU.ActiveCfg = Debug|Any CPU
		{82CCB62D-684C-4237-9AEA-CD67753C660B}.Debug|Any CPU.Build.0 = Debug|Any CPU
		{82CCB62D-684C-4237-9AEA-CD67753C660B}.Release|Any CPU.ActiveCfg = Release|Any CPU
		{82CCB62D-684C-4237-9AEA-CD67753C660B}.Release|Any CPU.Build.0 = Release|Any CPU
	EndGlobalSection
	GlobalSection(SolutionProperties) = preSolution
		HideSolutionNode = FALSE
	EndGlobalSection
	GlobalSection(ExtensibilityGlobals) = postSolution
		SolutionGuid = {6AB405C6-B109-4EC5-BA31-6BB48B8D000E}
	EndGlobalSection
EndGlobal
